// !$*UTF8*$!
{
	archiveVersion = 1;
	classes = {
	};
	objectVersion = 56;
	objects = {

/* Begin PBXBuildFile section */
		56AD8CE629EC6EF90074A3C3 /* BetterRestApp.swift in Sources */ = {isa = PBXBuildFile; fileRef = 56AD8CE529EC6EF90074A3C3 /* BetterRestApp.swift */; };
		56AD8CE829EC6EF90074A3C3 /* ContentView.swift in Sources */ = {isa = PBXBuildFile; fileRef = 56AD8CE729EC6EF90074A3C3 /* ContentView.swift */; };
		56AD8CEA29EC6EFB0074A3C3 /* Assets.xcassets in Resources */ = {isa = PBXBuildFile; fileRef = 56AD8CE929EC6EFB0074A3C3 /* Assets.xcassets */; };
		56AD8CED29EC6EFB0074A3C3 /* Preview Assets.xcassets in Resources */ = {isa = PBXBuildFile; fileRef = 56AD8CEC29EC6EFB0074A3C3 /* Preview Assets.xcassets */; };
		56AD8CF729EC6EFB0074A3C3 /* BetterRestTests.swift in Sources */ = {isa = PBXBuildFile; fileRef = 56AD8CF629EC6EFB0074A3C3 /* BetterRestTests.swift */; };
		56AD8D0129EC6EFB0074A3C3 /* BetterRestUITests.swift in Sources */ = {isa = PBXBuildFile; fileRef = 56AD8D0029EC6EFB0074A3C3 /* BetterRestUITests.swift */; };
		56AD8D0329EC6EFB0074A3C3 /* BetterRestUITestsLaunchTests.swift in Sources */ = {isa = PBXBuildFile; fileRef = 56AD8D0229EC6EFB0074A3C3 /* BetterRestUITestsLaunchTests.swift */; };
/* End PBXBuildFile section */

/* Begin PBXContainerItemProxy section */
		56AD8CF329EC6EFB0074A3C3 /* PBXContainerItemProxy */ = {
			isa = PBXContainerItemProxy;
			containerPortal = 56AD8CDA29EC6EF80074A3C3 /* Project object */;
			proxyType = 1;
			remoteGlobalIDString = 56AD8CE129EC6EF80074A3C3;
			remoteInfo = BetterRest;
		};
		56AD8CFD29EC6EFB0074A3C3 /* PBXContainerItemProxy */ = {
			isa = PBXContainerItemProxy;
			containerPortal = 56AD8CDA29EC6EF80074A3C3 /* Project object */;
			proxyType = 1;
			remoteGlobalIDString = 56AD8CE129EC6EF80074A3C3;
			remoteInfo = BetterRest;
		};
/* End PBXContainerItemProxy section */

/* Begin PBXFileReference section */
		56AD8CE229EC6EF80074A3C3 /* BetterRest.app */ = {isa = PBXFileReference; explicitFileType = wrapper.application; includeInIndex = 0; path = BetterRest.app; sourceTree = BUILT_PRODUCTS_DIR; };
		56AD8CE529EC6EF90074A3C3 /* BetterRestApp.swift */ = {isa = PBXFileReference; lastKnownFileType = sourcecode.swift; path = BetterRestApp.swift; sourceTree = "<group>"; };
		56AD8CE729EC6EF90074A3C3 /* ContentView.swift */ = {isa = PBXFileReference; lastKnownFileType = sourcecode.swift; path = ContentView.swift; sourceTree = "<group>"; };
		56AD8CE929EC6EFB0074A3C3 /* Assets.xcassets */ = {isa = PBXFileReference; lastKnownFileType = folder.assetcatalog; path = Assets.xcassets; sourceTree = "<group>"; };
		56AD8CEC29EC6EFB0074A3C3 /* Preview Assets.xcassets */ = {isa = PBXFileReference; lastKnownFileType = folder.assetcatalog; path = "Preview Assets.xcassets"; sourceTree = "<group>"; };
		56AD8CF229EC6EFB0074A3C3 /* BetterRestTests.xctest */ = {isa = PBXFileReference; explicitFileType = wrapper.cfbundle; includeInIndex = 0; path = BetterRestTests.xctest; sourceTree = BUILT_PRODUCTS_DIR; };
		56AD8CF629EC6EFB0074A3C3 /* BetterRestTests.swift */ = {isa = PBXFileReference; lastKnownFileType = sourcecode.swift; path = BetterRestTests.swift; sourceTree = "<group>"; };
		56AD8CFC29EC6EFB0074A3C3 /* BetterRestUITests.xctest */ = {isa = PBXFileReference; explicitFileType = wrapper.cfbundle; includeInIndex = 0; path = BetterRestUITests.xctest; sourceTree = BUILT_PRODUCTS_DIR; };
		56AD8D0029EC6EFB0074A3C3 /* BetterRestUITests.swift */ = {isa = PBXFileReference; lastKnownFileType = sourcecode.swift; path = BetterRestUITests.swift; sourceTree = "<group>"; };
		56AD8D0229EC6EFB0074A3C3 /* BetterRestUITestsLaunchTests.swift */ = {isa = PBXFileReference; lastKnownFileType = sourcecode.swift; path = BetterRestUITestsLaunchTests.swift; sourceTree = "<group>"; };
/* End PBXFileReference section */

/* Begin PBXFrameworksBuildPhase section */
		56AD8CDF29EC6EF80074A3C3 /* Frameworks */ = {
			isa = PBXFrameworksBuildPhase;
			buildActionMask = 2147483647;
			files = (
			);
			runOnlyForDeploymentPostprocessing = 0;
		};
		56AD8CEF29EC6EFB0074A3C3 /* Frameworks */ = {
			isa = PBXFrameworksBuildPhase;
			buildActionMask = 2147483647;
			files = (
			);
			runOnlyForDeploymentPostprocessing = 0;
		};
		56AD8CF929EC6EFB0074A3C3 /* Frameworks */ = {
			isa = PBXFrameworksBuildPhase;
			buildActionMask = 2147483647;
			files = (
			);
			runOnlyForDeploymentPostprocessing = 0;
		};
/* End PBXFrameworksBuildPhase section */

/* Begin PBXGroup section */
		56AD8CD929EC6EF80074A3C3 = {
			isa = PBXGroup;
			children = (
				56AD8CE429EC6EF80074A3C3 /* BetterRest */,
				56AD8CF529EC6EFB0074A3C3 /* BetterRestTests */,
				56AD8CFF29EC6EFB0074A3C3 /* BetterRestUITests */,
				56AD8CE329EC6EF80074A3C3 /* Products */,
			);
			sourceTree = "<group>";
		};
		56AD8CE329EC6EF80074A3C3 /* Products */ = {
			isa = PBXGroup;
			children = (
				56AD8CE229EC6EF80074A3C3 /* BetterRest.app */,
				56AD8CF229EC6EFB0074A3C3 /* BetterRestTests.xctest */,
				56AD8CFC29EC6EFB0074A3C3 /* BetterRestUITests.xctest */,
			);
			name = Products;
			sourceTree = "<group>";
		};
		56AD8CE429EC6EF80074A3C3 /* BetterRest */ = {
			isa = PBXGroup;
			children = (
				56AD8CE529EC6EF90074A3C3 /* BetterRestApp.swift */,
				56AD8CE729EC6EF90074A3C3 /* ContentView.swift */,
				56AD8CE929EC6EFB0074A3C3 /* Assets.xcassets */,
				56AD8CEB29EC6EFB0074A3C3 /* Preview Content */,
			);
			path = BetterRest;
			sourceTree = "<group>";
		};
		56AD8CEB29EC6EFB0074A3C3 /* Preview Content */ = {
			isa = PBXGroup;
			children = (
				56AD8CEC29EC6EFB0074A3C3 /* Preview Assets.xcassets */,
			);
			path = "Preview Content";
			sourceTree = "<group>";
		};
		56AD8CF529EC6EFB0074A3C3 /* BetterRestTests */ = {
			isa = PBXGroup;
			children = (
				56AD8CF629EC6EFB0074A3C3 /* BetterRestTests.swift */,
			);
			path = BetterRestTests;
			sourceTree = "<group>";
		};
		56AD8CFF29EC6EFB0074A3C3 /* BetterRestUITests */ = {
			isa = PBXGroup;
			children = (
				56AD8D0029EC6EFB0074A3C3 /* BetterRestUITests.swift */,
				56AD8D0229EC6EFB0074A3C3 /* BetterRestUITestsLaunchTests.swift */,
			);
			path = BetterRestUITests;
			sourceTree = "<group>";
		};
/* End PBXGroup section */

/* Begin PBXNativeTarget section */
		56AD8CE129EC6EF80074A3C3 /* BetterRest */ = {
			isa = PBXNativeTarget;
			buildConfigurationList = 56AD8D0629EC6EFC0074A3C3 /* Build configuration list for PBXNativeTarget "BetterRest" */;
			buildPhases = (
				56AD8CDE29EC6EF80074A3C3 /* Sources */,
				56AD8CDF29EC6EF80074A3C3 /* Frameworks */,
				56AD8CE029EC6EF80074A3C3 /* Resources */,
			);
			buildRules = (
			);
			dependencies = (
			);
			name = BetterRest;
			productName = BetterRest;
			productReference = 56AD8CE229EC6EF80074A3C3 /* BetterRest.app */;
			productType = "com.apple.product-type.application";
		};
		56AD8CF129EC6EFB0074A3C3 /* BetterRestTests */ = {
			isa = PBXNativeTarget;
			buildConfigurationList = 56AD8D0929EC6EFC0074A3C3 /* Build configuration list for PBXNativeTarget "BetterRestTests" */;
			buildPhases = (
				56AD8CEE29EC6EFB0074A3C3 /* Sources */,
				56AD8CEF29EC6EFB0074A3C3 /* Frameworks */,
				56AD8CF029EC6EFB0074A3C3 /* Resources */,
			);
			buildRules = (
			);
			dependencies = (
				56AD8CF429EC6EFB0074A3C3 /* PBXTargetDependency */,
			);
			name = BetterRestTests;
			productName = BetterRestTests;
			productReference = 56AD8CF229EC6EFB0074A3C3 /* BetterRestTests.xctest */;
			productType = "com.apple.product-type.bundle.unit-test";
		};
		56AD8CFB29EC6EFB0074A3C3 /* BetterRestUITests */ = {
			isa = PBXNativeTarget;
			buildConfigurationList = 56AD8D0C29EC6EFC0074A3C3 /* Build configuration list for PBXNativeTarget "BetterRestUITests" */;
			buildPhases = (
				56AD8CF829EC6EFB0074A3C3 /* Sources */,
				56AD8CF929EC6EFB0074A3C3 /* Frameworks */,
				56AD8CFA29EC6EFB0074A3C3 /* Resources */,
			);
			buildRules = (
			);
			dependencies = (
				56AD8CFE29EC6EFB0074A3C3 /* PBXTargetDependency */,
			);
			name = BetterRestUITests;
			productName = BetterRestUITests;
			productReference = 56AD8CFC29EC6EFB0074A3C3 /* BetterRestUITests.xctest */;
			productType = "com.apple.product-type.bundle.ui-testing";
		};
/* End PBXNativeTarget section */

/* Begin PBXProject section */
		56AD8CDA29EC6EF80074A3C3 /* Project object */ = {
			isa = PBXProject;
			attributes = {
				BuildIndependentTargetsInParallel = 1;
				LastSwiftUpdateCheck = 1430;
				LastUpgradeCheck = 1430;
				TargetAttributes = {
					56AD8CE129EC6EF80074A3C3 = {
						CreatedOnToolsVersion = 14.3;
					};
					56AD8CF129EC6EFB0074A3C3 = {
						CreatedOnToolsVersion = 14.3;
						TestTargetID = 56AD8CE129EC6EF80074A3C3;
					};
					56AD8CFB29EC6EFB0074A3C3 = {
						CreatedOnToolsVersion = 14.3;
						TestTargetID = 56AD8CE129EC6EF80074A3C3;
					};
				};
			};
			buildConfigurationList = 56AD8CDD29EC6EF80074A3C3 /* Build configuration list for PBXProject "BetterRest" */;
			compatibilityVersion = "Xcode 14.0";
			developmentRegion = en;
			hasScannedForEncodings = 0;
			knownRegions = (
				en,
				Base,
			);
			mainGroup = 56AD8CD929EC6EF80074A3C3;
			productRefGroup = 56AD8CE329EC6EF80074A3C3 /* Products */;
			projectDirPath = "";
			projectRoot = "";
			targets = (
				56AD8CE129EC6EF80074A3C3 /* BetterRest */,
				56AD8CF129EC6EFB0074A3C3 /* BetterRestTests */,
				56AD8CFB29EC6EFB0074A3C3 /* BetterRestUITests */,
			);
		};
/* End PBXProject section */

/* Begin PBXResourcesBuildPhase section */
		56AD8CE029EC6EF80074A3C3 /* Resources */ = {
			isa = PBXResourcesBuildPhase;
			buildActionMask = 2147483647;
			files = (
				56AD8CED29EC6EFB0074A3C3 /* Preview Assets.xcassets in Resources */,
				56AD8CEA29EC6EFB0074A3C3 /* Assets.xcassets in Resources */,
			);
			runOnlyForDeploymentPostprocessing = 0;
		};
		56AD8CF029EC6EFB0074A3C3 /* Resources */ = {
			isa = PBXResourcesBuildPhase;
			buildActionMask = 2147483647;
			files = (
			);
			runOnlyForDeploymentPostprocessing = 0;
		};
		56AD8CFA29EC6EFB0074A3C3 /* Resources */ = {
			isa = PBXResourcesBuildPhase;
			buildActionMask = 2147483647;
			files = (
			);
			runOnlyForDeploymentPostprocessing = 0;
		};
/* End PBXResourcesBuildPhase section */

/* Begin PBXSourcesBuildPhase section */
		56AD8CDE29EC6EF80074A3C3 /* Sources */ = {
			isa = PBXSourcesBuildPhase;
			buildActionMask = 2147483647;
			files = (
				56AD8CE829EC6EF90074A3C3 /* ContentView.swift in Sources */,
				56AD8CE629EC6EF90074A3C3 /* BetterRestApp.swift in Sources */,
			);
			runOnlyForDeploymentPostprocessing = 0;
		};
		56AD8CEE29EC6EFB0074A3C3 /* Sources */ = {
			isa = PBXSourcesBuildPhase;
			buildActionMask = 2147483647;
			files = (
				56AD8CF729EC6EFB0074A3C3 /* BetterRestTests.swift in Sources */,
			);
			runOnlyForDeploymentPostprocessing = 0;
		};
		56AD8CF829EC6EFB0074A3C3 /* Sources */ = {
			isa = PBXSourcesBuildPhase;
			buildActionMask = 2147483647;
			files = (
				56AD8D0329EC6EFB0074A3C3 /* BetterRestUITestsLaunchTests.swift in Sources */,
				56AD8D0129EC6EFB0074A3C3 /* BetterRestUITests.swift in Sources */,
			);
			runOnlyForDeploymentPostprocessing = 0;
		};
/* End PBXSourcesBuildPhase section */

/* Begin PBXTargetDependency section */
		56AD8CF429EC6EFB0074A3C3 /* PBXTargetDependency */ = {
			isa = PBXTargetDependency;
			target = 56AD8CE129EC6EF80074A3C3 /* BetterRest */;
			targetProxy = 56AD8CF329EC6EFB0074A3C3 /* PBXContainerItemProxy */;
		};
		56AD8CFE29EC6EFB0074A3C3 /* PBXTargetDependency */ = {
			isa = PBXTargetDependency;
			target = 56AD8CE129EC6EF80074A3C3 /* BetterRest */;
			targetProxy = 56AD8CFD29EC6EFB0074A3C3 /* PBXContainerItemProxy */;
		};
/* End PBXTargetDependency section */

/* Begin XCBuildConfiguration section */
		56AD8D0429EC6EFB0074A3C3 /* Debug */ = {
			isa = XCBuildConfiguration;
			buildSettings = {
				ALWAYS_SEARCH_USER_PATHS = NO;
				CLANG_ANALYZER_NONNULL = YES;
				CLANG_ANALYZER_NUMBER_OBJECT_CONVERSION = YES_AGGRESSIVE;
				CLANG_CXX_LANGUAGE_STANDARD = "gnu++20";
				CLANG_ENABLE_MODULES = YES;
				CLANG_ENABLE_OBJC_ARC = YES;
				CLANG_ENABLE_OBJC_WEAK = YES;
				CLANG_WARN_BLOCK_CAPTURE_AUTORELEASING = YES;
				CLANG_WARN_BOOL_CONVERSION = YES;
				CLANG_WARN_COMMA = YES;
				CLANG_WARN_CONSTANT_CONVERSION = YES;
				CLANG_WARN_DEPRECATED_OBJC_IMPLEMENTATIONS = YES;
				CLANG_WARN_DIRECT_OBJC_ISA_USAGE = YES_ERROR;
				CLANG_WARN_DOCUMENTATION_COMMENTS = YES;
				CLANG_WARN_EMPTY_BODY = YES;
				CLANG_WARN_ENUM_CONVERSION = YES;
				CLANG_WARN_INFINITE_RECURSION = YES;
				CLANG_WARN_INT_CONVERSION = YES;
				CLANG_WARN_NON_LITERAL_NULL_CONVERSION = YES;
				CLANG_WARN_OBJC_IMPLICIT_RETAIN_SELF = YES;
				CLANG_WARN_OBJC_LITERAL_CONVERSION = YES;
				CLANG_WARN_OBJC_ROOT_CLASS = YES_ERROR;
				CLANG_WARN_QUOTED_INCLUDE_IN_FRAMEWORK_HEADER = YES;
				CLANG_WARN_RANGE_LOOP_ANALYSIS = YES;
				CLANG_WARN_STRICT_PROTOTYPES = YES;
				CLANG_WARN_SUSPICIOUS_MOVE = YES;
				CLANG_WARN_UNGUARDED_AVAILABILITY = YES_AGGRESSIVE;
				CLANG_WARN_UNREACHABLE_CODE = YES;
				CLANG_WARN__DUPLICATE_METHOD_MATCH = YES;
				COPY_PHASE_STRIP = NO;
				DEBUG_INFORMATION_FORMAT = dwarf;
				ENABLE_STRICT_OBJC_MSGSEND = YES;
				ENABLE_TESTABILITY = YES;
				GCC_C_LANGUAGE_STANDARD = gnu11;
				GCC_DYNAMIC_NO_PIC = NO;
				GCC_NO_COMMON_BLOCKS = YES;
				GCC_OPTIMIZATION_LEVEL = 0;
				GCC_PREPROCESSOR_DEFINITIONS = (
					"DEBUG=1",
					"$(inherited)",
				);
				GCC_WARN_64_TO_32_BIT_CONVERSION = YES;
				GCC_WARN_ABOUT_RETURN_TYPE = YES_ERROR;
				GCC_WARN_UNDECLARED_SELECTOR = YES;
				GCC_WARN_UNINITIALIZED_AUTOS = YES_AGGRESSIVE;
				GCC_WARN_UNUSED_FUNCTION = YES;
				GCC_WARN_UNUSED_VARIABLE = YES;
				IPHONEOS_DEPLOYMENT_TARGET = 16.4;
				MTL_ENABLE_DEBUG_INFO = INCLUDE_SOURCE;
				MTL_FAST_MATH = YES;
				ONLY_ACTIVE_ARCH = YES;
				SDKROOT = iphoneos;
				SWIFT_ACTIVE_COMPILATION_CONDITIONS = DEBUG;
				SWIFT_OPTIMIZATION_LEVEL = "-Onone";
			};
			name = Debug;
		};
		56AD8D0529EC6EFB0074A3C3 /* Release */ = {
			isa = XCBuildConfiguration;
			buildSettings = {
				ALWAYS_SEARCH_USER_PATHS = NO;
				CLANG_ANALYZER_NONNULL = YES;
				CLANG_ANALYZER_NUMBER_OBJECT_CONVERSION = YES_AGGRESSIVE;
				CLANG_CXX_LANGUAGE_STANDARD = "gnu++20";
				CLANG_ENABLE_MODULES = YES;
				CLANG_ENABLE_OBJC_ARC = YES;
				CLANG_ENABLE_OBJC_WEAK = YES;
				CLANG_WARN_BLOCK_CAPTURE_AUTORELEASING = YES;
				CLANG_WARN_BOOL_CONVERSION = YES;
				CLANG_WARN_COMMA = YES;
				CLANG_WARN_CONSTANT_CONVERSION = YES;
				CLANG_WARN_DEPRECATED_OBJC_IMPLEMENTATIONS = YES;
				CLANG_WARN_DIRECT_OBJC_ISA_USAGE = YES_ERROR;
				CLANG_WARN_DOCUMENTATION_COMMENTS = YES;
				CLANG_WARN_EMPTY_BODY = YES;
				CLANG_WARN_ENUM_CONVERSION = YES;
				CLANG_WARN_INFINITE_RECURSION = YES;
				CLANG_WARN_INT_CONVERSION = YES;
				CLANG_WARN_NON_LITERAL_NULL_CONVERSION = YES;
				CLANG_WARN_OBJC_IMPLICIT_RETAIN_SELF = YES;
				CLANG_WARN_OBJC_LITERAL_CONVERSION = YES;
				CLANG_WARN_OBJC_ROOT_CLASS = YES_ERROR;
				CLANG_WARN_QUOTED_INCLUDE_IN_FRAMEWORK_HEADER = YES;
				CLANG_WARN_RANGE_LOOP_ANALYSIS = YES;
				CLANG_WARN_STRICT_PROTOTYPES = YES;
				CLANG_WARN_SUSPICIOUS_MOVE = YES;
				CLANG_WARN_UNGUARDED_AVAILABILITY = YES_AGGRESSIVE;
				CLANG_WARN_UNREACHABLE_CODE = YES;
				CLANG_WARN__DUPLICATE_METHOD_MATCH = YES;
				COPY_PHASE_STRIP = NO;
				DEBUG_INFORMATION_FORMAT = "dwarf-with-dsym";
				ENABLE_NS_ASSERTIONS = NO;
				ENABLE_STRICT_OBJC_MSGSEND = YES;
				GCC_C_LANGUAGE_STANDARD = gnu11;
				GCC_NO_COMMON_BLOCKS = YES;
				GCC_WARN_64_TO_32_BIT_CONVERSION = YES;
				GCC_WARN_ABOUT_RETURN_TYPE = YES_ERROR;
				GCC_WARN_UNDECLARED_SELECTOR = YES;
				GCC_WARN_UNINITIALIZED_AUTOS = YES_AGGRESSIVE;
				GCC_WARN_UNUSED_FUNCTION = YES;
				GCC_WARN_UNUSED_VARIABLE = YES;
				IPHONEOS_DEPLOYMENT_TARGET = 16.4;
				MTL_ENABLE_DEBUG_INFO = NO;
				MTL_FAST_MATH = YES;
				SDKROOT = iphoneos;
				SWIFT_COMPILATION_MODE = wholemodule;
				SWIFT_OPTIMIZATION_LEVEL = "-O";
				VALIDATE_PRODUCT = YES;
			};
			name = Release;
		};
		56AD8D0729EC6EFC0074A3C3 /* Debug */ = {
			isa = XCBuildConfiguration;
			buildSettings = {
				ASSETCATALOG_COMPILER_APPICON_NAME = AppIcon;
				ASSETCATALOG_COMPILER_GLOBAL_ACCENT_COLOR_NAME = AccentColor;
				CODE_SIGN_STYLE = Automatic;
				CURRENT_PROJECT_VERSION = 1;
				DEVELOPMENT_ASSET_PATHS = "\"BetterRest/Preview Content\"";
				DEVELOPMENT_TEAM = T9PS7UYXRY;
				ENABLE_PREVIEWS = YES;
				GENERATE_INFOPLIST_FILE = YES;
				INFOPLIST_KEY_UIApplicationSceneManifest_Generation = YES;
				INFOPLIST_KEY_UIApplicationSupportsIndirectInputEvents = YES;
				INFOPLIST_KEY_UILaunchScreen_Generation = YES;
				INFOPLIST_KEY_UISupportedInterfaceOrientations_iPad = "UIInterfaceOrientationPortrait UIInterfaceOrientationPortraitUpsideDown UIInterfaceOrientationLandscapeLeft UIInterfaceOrientationLandscapeRight";
				INFOPLIST_KEY_UISupportedInterfaceOrientations_iPhone = "UIInterfaceOrientationPortrait UIInterfaceOrientationLandscapeLeft UIInterfaceOrientationLandscapeRight";
				LD_RUNPATH_SEARCH_PATHS = (
					"$(inherited)",
					"@executable_path/Frameworks",
				);
				MARKETING_VERSION = 1.0;
				PRODUCT_BUNDLE_IDENTIFIER = E.B..BetterRest;
				PRODUCT_NAME = "$(TARGET_NAME)";
				SWIFT_EMIT_LOC_STRINGS = YES;
				SWIFT_VERSION = 5.0;
				TARGETED_DEVICE_FAMILY = "1,2";
			};
			name = Debug;
		};
		56AD8D0829EC6EFC0074A3C3 /* Release */ = {
			isa = XCBuildConfiguration;
			buildSettings = {
				ASSETCATALOG_COMPILER_APPICON_NAME = AppIcon;
				ASSETCATALOG_COMPILER_GLOBAL_ACCENT_COLOR_NAME = AccentColor;
				CODE_SIGN_STYLE = Automatic;
				CURRENT_PROJECT_VERSION = 1;
				DEVELOPMENT_ASSET_PATHS = "\"BetterRest/Preview Content\"";
				DEVELOPMENT_TEAM = T9PS7UYXRY;
				ENABLE_PREVIEWS = YES;
				GENERATE_INFOPLIST_FILE = YES;
				INFOPLIST_KEY_UIApplicationSceneManifest_Generation = YES;
				INFOPLIST_KEY_UIApplicationSupportsIndirectInputEvents = YES;
				INFOPLIST_KEY_UILaunchScreen_Generation = YES;
				INFOPLIST_KEY_UISupportedInterfaceOrientations_iPad = "UIInterfaceOrientationPortrait UIInterfaceOrientationPortraitUpsideDown UIInterfaceOrientationLandscapeLeft UIInterfaceOrientationLandscapeRight";
				INFOPLIST_KEY_UISupportedInterfaceOrientations_iPhone = "UIInterfaceOrientationPortrait UIInterfaceOrientationLandscapeLeft UIInterfaceOrientationLandscapeRight";
				LD_RUNPATH_SEARCH_PATHS = (
					"$(inherited)",
					"@executable_path/Frameworks",
				);
				MARKETING_VERSION = 1.0;
				PRODUCT_BUNDLE_IDENTIFIER = E.B..BetterRest;
				PRODUCT_NAME = "$(TARGET_NAME)";
				SWIFT_EMIT_LOC_STRINGS = YES;
				SWIFT_VERSION = 5.0;
				TARGETED_DEVICE_FAMILY = "1,2";
			};
			name = Release;
		};
		56AD8D0A29EC6EFC0074A3C3 /* Debug */ = {
			isa = XCBuildConfiguration;
			buildSettings = {
				ALWAYS_EMBED_SWIFT_STANDARD_LIBRARIES = YES;
				BUNDLE_LOADER = "$(TEST_HOST)";
				CODE_SIGN_STYLE = Automatic;
				CURRENT_PROJECT_VERSION = 1;
				DEVELOPMENT_TEAM = T9PS7UYXRY;
				GENERATE_INFOPLIST_FILE = YES;
				IPHONEOS_DEPLOYMENT_TARGET = 16.4;
				MARKETING_VERSION = 1.0;
				PRODUCT_BUNDLE_IDENTIFIER = E.B..BetterRestTests;
				PRODUCT_NAME = "$(TARGET_NAME)";
				SWIFT_EMIT_LOC_STRINGS = NO;
				SWIFT_VERSION = 5.0;
				TARGETED_DEVICE_FAMILY = "1,2";
				TEST_HOST = "$(BUILT_PRODUCTS_DIR)/BetterRest.app/$(BUNDLE_EXECUTABLE_FOLDER_PATH)/BetterRest";
			};
			name = Debug;
		};
		56AD8D0B29EC6EFC0074A3C3 /* Release */ = {
			isa = XCBuildConfiguration;
			buildSettings = {
				ALWAYS_EMBED_SWIFT_STANDARD_LIBRARIES = YES;
				BUNDLE_LOADER = "$(TEST_HOST)";
				CODE_SIGN_STYLE = Automatic;
				CURRENT_PROJECT_VERSION = 1;
				DEVELOPMENT_TEAM = T9PS7UYXRY;
				GENERATE_INFOPLIST_FILE = YES;
				IPHONEOS_DEPLOYMENT_TARGET = 16.4;
				MARKETING_VERSION = 1.0;
				PRODUCT_BUNDLE_IDENTIFIER = E.B..BetterRestTests;
				PRODUCT_NAME = "$(TARGET_NAME)";
				SWIFT_EMIT_LOC_STRINGS = NO;
				SWIFT_VERSION = 5.0;
				TARGETED_DEVICE_FAMILY = "1,2";
				TEST_HOST = "$(BUILT_PRODUCTS_DIR)/BetterRest.app/$(BUNDLE_EXECUTABLE_FOLDER_PATH)/BetterRest";
			};
			name = Release;
		};
		56AD8D0D29EC6EFC0074A3C3 /* Debug */ = {
			isa = XCBuildConfiguration;
			buildSettings = {
				ALWAYS_EMBED_SWIFT_STANDARD_LIBRARIES = YES;
				CODE_SIGN_STYLE = Automatic;
				CURRENT_PROJECT_VERSION = 1;
				DEVELOPMENT_TEAM = T9PS7UYXRY;
				GENERATE_INFOPLIST_FILE = YES;
				MARKETING_VERSION = 1.0;
				PRODUCT_BUNDLE_IDENTIFIER = E.B..BetterRestUITests;
				PRODUCT_NAME = "$(TARGET_NAME)";
				SWIFT_EMIT_LOC_STRINGS = NO;
				SWIFT_VERSION = 5.0;
				TARGETED_DEVICE_FAMILY = "1,2";
				TEST_TARGET_NAME = BetterRest;
			};
			name = Debug;
		};
		56AD8D0E29EC6EFC0074A3C3 /* Release */ = {
			isa = XCBuildConfiguration;
			buildSettings = {
				ALWAYS_EMBED_SWIFT_STANDARD_LIBRARIES = YES;
				CODE_SIGN_STYLE = Automatic;
				CURRENT_PROJECT_VERSION = 1;
				DEVELOPMENT_TEAM = T9PS7UYXRY;
				GENERATE_INFOPLIST_FILE = YES;
				MARKETING_VERSION = 1.0;
				PRODUCT_BUNDLE_IDENTIFIER = E.B..BetterRestUITests;
				PRODUCT_NAME = "$(TARGET_NAME)";
				SWIFT_EMIT_LOC_STRINGS = NO;
				SWIFT_VERSION = 5.0;
				TARGETED_DEVICE_FAMILY = "1,2";
				TEST_TARGET_NAME = BetterRest;
			};
			name = Release;
		};
/* End XCBuildConfiguration section */

/* Begin XCConfigurationList section */
		56AD8CDD29EC6EF80074A3C3 /* Build configuration list for PBXProject "BetterRest" */ = {
			isa = XCConfigurationList;
			buildConfigurations = (
				56AD8D0429EC6EFB0074A3C3 /* Debug */,
				56AD8D0529EC6EFB0074A3C3 /* Release */,
			);
			defaultConfigurationIsVisible = 0;
			defaultConfigurationName = Release;
		};
		56AD8D0629EC6EFC0074A3C3 /* Build configuration list for PBXNativeTarget "BetterRest" */ = {
			isa = XCConfigurationList;
			buildConfigurations = (
				56AD8D0729EC6EFC0074A3C3 /* Debug */,
				56AD8D0829EC6EFC0074A3C3 /* Release */,
			);
			defaultConfigurationIsVisible = 0;
			defaultConfigurationName = Release;
		};
		56AD8D0929EC6EFC0074A3C3 /* Build configuration list for PBXNativeTarget "BetterRestTests" */ = {
			isa = XCConfigurationList;
			buildConfigurations = (
				56AD8D0A29EC6EFC0074A3C3 /* Debug */,
				56AD8D0B29EC6EFC0074A3C3 /* Release */,
			);
			defaultConfigurationIsVisible = 0;
			defaultConfigurationName = Release;
		};
		56AD8D0C29EC6EFC0074A3C3 /* Build configuration list for PBXNativeTarget "BetterRestUITests" */ = {
			isa = XCConfigurationList;
			buildConfigurations = (
				56AD8D0D29EC6EFC0074A3C3 /* Debug */,
				56AD8D0E29EC6EFC0074A3C3 /* Release */,
			);
			defaultConfigurationIsVisible = 0;
			defaultConfigurationName = Release;
		};
/* End XCConfigurationList section */
	};
	rootObject = 56AD8CDA29EC6EF80074A3C3 /* Project object */;
}
